
Microsoft Visual Studio Solution File, Format Version 12.00
# Visual Studio Version 17
VisualStudioVersion = 17.3.32819.101
MinimumVisualStudioVersion = 10.0.40219.1
Project("{FAE04EC0-301F-11D3-BF4B-00C04F79EFBC}") = "ReactCSVPeople.Web", "ReactCSVPeople.Web\ReactCSVPeople.Web.csproj", "{37882D95-F5C7-4AED-9C9D-472646DC5A1C}"
EndProject
Project("{FAE04EC0-301F-11D3-BF4B-00C04F79EFBC}") = "ReactCSVPeople.Data", "ReactCSVPeople.Data\ReactCSVPeople.Data.csproj", "{39A58FAE-2968-4494-B8D4-1F946CA4DE32}"
EndProject
Global
	GlobalSection(SolutionConfigurationPlatforms) = preSolution
		Debug|Any CPU = Debug|Any CPU
		Release|Any CPU = Release|Any CPU
	EndGlobalSection
	GlobalSection(ProjectConfigurationPlatforms) = postSolution
		{37882D95-F5C7-4AED-9C9D-472646DC5A1C}.Debug|Any CPU.ActiveCfg = Debug|Any CPU
		{37882D95-F5C7-4AED-9C9D-472646DC5A1C}.Debug|Any CPU.Build.0 = Debug|Any CPU
		{37882D95-F5C7-4AED-9C9D-472646DC5A1C}.Release|Any CPU.ActiveCfg = Release|Any CPU
		{37882D95-F5C7-4AED-9C9D-472646DC5A1C}.Release|Any CPU.Build.0 = Release|Any CPU
		{39A58FAE-2968-4494-B8D4-1F946CA4DE32}.Debug|Any CPU.ActiveCfg = Debug|Any CPU
		{39A58FAE-2968-4494-B8D4-1F946CA4DE32}.Debug|Any CPU.Build.0 = Debug|Any CPU
		{39A58FAE-2968-4494-B8D4-1F946CA4DE32}.Release|Any CPU.ActiveCfg = Release|Any CPU
		{39A58FAE-2968-4494-B8D4-1F946CA4DE32}.Release|Any CPU.Build.0 = Release|Any CPU
	EndGlobalSection
	GlobalSection(SolutionProperties) = preSolution
		HideSolutionNode = FALSE
	EndGlobalSection
	GlobalSection(ExtensibilityGlobals) = postSolution
		SolutionGuid = {6639BCCF-88E0-46E2-B15B-B1A753D6B28B}
	EndGlobalSection
EndGlobal
